// !$*UTF8*$!
{
	archiveVersion = 1;
	classes = {
	};
	objectVersion = 46;
	objects = {

/* Begin PBXBuildFile section */
		4CDECB591AD583040094E61B /* main.m in Sources */ = {isa = PBXBuildFile; fileRef = 4CDECB581AD583040094E61B /* main.m */; };
		4CDECB5C1AD583040094E61B /* AppDelegate.m in Sources */ = {isa = PBXBuildFile; fileRef = 4CDECB5B1AD583040094E61B /* AppDelegate.m */; };
		4CDECB5F1AD583040094E61B /* ViewController.m in Sources */ = {isa = PBXBuildFile; fileRef = 4CDECB5E1AD583040094E61B /* ViewController.m */; };
		4CDECB621AD583040094E61B /* Main.storyboard in Resources */ = {isa = PBXBuildFile; fileRef = 4CDECB601AD583040094E61B /* Main.storyboard */; };
		4CDECB641AD583040094E61B /* Images.xcassets in Resources */ = {isa = PBXBuildFile; fileRef = 4CDECB631AD583040094E61B /* Images.xcassets */; };
		4CDECB671AD583040094E61B /* LaunchScreen.xib in Resources */ = {isa = PBXBuildFile; fileRef = 4CDECB651AD583040094E61B /* LaunchScreen.xib */; };
		4CDECB731AD583040094E61B /* InOffAppTests.m in Sources */ = {isa = PBXBuildFile; fileRef = 4CDECB721AD583040094E61B /* InOffAppTests.m */; };
		4CDECB861AD58B4C0094E61B /* logo1.png in Resources */ = {isa = PBXBuildFile; fileRef = 4CDECB821AD58B4C0094E61B /* logo1.png */; };
		4CDECB871AD58B4C0094E61B /* paisaje1.jpg in Resources */ = {isa = PBXBuildFile; fileRef = 4CDECB831AD58B4C0094E61B /* paisaje1.jpg */; };
		4CDECB881AD58B4C0094E61B /* paisaje2.jpg in Resources */ = {isa = PBXBuildFile; fileRef = 4CDECB841AD58B4C0094E61B /* paisaje2.jpg */; };
		4CDECB891AD58B4C0094E61B /* paisaje3.jpg in Resources */ = {isa = PBXBuildFile; fileRef = 4CDECB851AD58B4C0094E61B /* paisaje3.jpg */; };
		4CDECB911AD58E0F0094E61B /* pic_1.jpg in Resources */ = {isa = PBXBuildFile; fileRef = 4CDECB8A1AD58E0F0094E61B /* pic_1.jpg */; };
		4CDECB921AD58E0F0094E61B /* pic_2.jpg in Resources */ = {isa = PBXBuildFile; fileRef = 4CDECB8B1AD58E0F0094E61B /* pic_2.jpg */; };
		4CDECB931AD58E0F0094E61B /* pic_3.jpg in Resources */ = {isa = PBXBuildFile; fileRef = 4CDECB8C1AD58E0F0094E61B /* pic_3.jpg */; };
		4CDECB941AD58E0F0094E61B /* pic_4.jpg in Resources */ = {isa = PBXBuildFile; fileRef = 4CDECB8D1AD58E0F0094E61B /* pic_4.jpg */; };
		4CDECB951AD58E0F0094E61B /* pic_5.jpg in Resources */ = {isa = PBXBuildFile; fileRef = 4CDECB8E1AD58E0F0094E61B /* pic_5.jpg */; };
		4CDECB961AD58E0F0094E61B /* pic_6.jpg in Resources */ = {isa = PBXBuildFile; fileRef = 4CDECB8F1AD58E0F0094E61B /* pic_6.jpg */; };
		4CDECB971AD58E0F0094E61B /* pic_7.jpg in Resources */ = {isa = PBXBuildFile; fileRef = 4CDECB901AD58E0F0094E61B /* pic_7.jpg */; };
		AACC47DD1D30F3DA00FA4F4E /* IRDataLoader.m in Sources */ = {isa = PBXBuildFile; fileRef = AACC47DC1D30F3DA00FA4F4E /* IRDataLoader.m */; };
		AACC47E21D30F5B400FA4F4E /* IRWorks.m in Sources */ = {isa = PBXBuildFile; fileRef = AACC47E11D30F5B400FA4F4E /* IRWorks.m */; };
		AACC47EC1D32506B00FA4F4E /* WorksListTableViewController.m in Sources */ = {isa = PBXBuildFile; fileRef = AACC47EB1D32506B00FA4F4E /* WorksListTableViewController.m */; };
/* End PBXBuildFile section */

/* Begin PBXContainerItemProxy section */
		4CDECB6D1AD583040094E61B /* PBXContainerItemProxy */ = {
			isa = PBXContainerItemProxy;
			containerPortal = 4CDECB4B1AD583040094E61B /* Project object */;
			proxyType = 1;
			remoteGlobalIDString = 4CDECB521AD583040094E61B;
			remoteInfo = InOffApp;
		};
/* End PBXContainerItemProxy section */

/* Begin PBXFileReference section */
		4CDECB531AD583040094E61B /* InOffApp.app */ = {isa = PBXFileReference; explicitFileType = wrapper.application; includeInIndex = 0; path = InOffApp.app; sourceTree = BUILT_PRODUCTS_DIR; };
		4CDECB571AD583040094E61B /* Info.plist */ = {isa = PBXFileReference; lastKnownFileType = text.plist.xml; path = Info.plist; sourceTree = "<group>"; };
		4CDECB581AD583040094E61B /* main.m */ = {isa = PBXFileReference; lastKnownFileType = sourcecode.c.objc; path = main.m; sourceTree = "<group>"; };
		4CDECB5A1AD583040094E61B /* AppDelegate.h */ = {isa = PBXFileReference; lastKnownFileType = sourcecode.c.h; path = AppDelegate.h; sourceTree = "<group>"; };
		4CDECB5B1AD583040094E61B /* AppDelegate.m */ = {isa = PBXFileReference; lastKnownFileType = sourcecode.c.objc; path = AppDelegate.m; sourceTree = "<group>"; };
		4CDECB5D1AD583040094E61B /* ViewController.h */ = {isa = PBXFileReference; lastKnownFileType = sourcecode.c.h; path = ViewController.h; sourceTree = "<group>"; };
		4CDECB5E1AD583040094E61B /* ViewController.m */ = {isa = PBXFileReference; lastKnownFileType = sourcecode.c.objc; path = ViewController.m; sourceTree = "<group>"; };
		4CDECB611AD583040094E61B /* Base */ = {isa = PBXFileReference; lastKnownFileType = file.storyboard; name = Base; path = Base.lproj/Main.storyboard; sourceTree = "<group>"; };
		4CDECB631AD583040094E61B /* Images.xcassets */ = {isa = PBXFileReference; lastKnownFileType = folder.assetcatalog; path = Images.xcassets; sourceTree = "<group>"; };
		4CDECB661AD583040094E61B /* Base */ = {isa = PBXFileReference; lastKnownFileType = file.xib; name = Base; path = Base.lproj/LaunchScreen.xib; sourceTree = "<group>"; };
		4CDECB6C1AD583040094E61B /* InOffAppTests.xctest */ = {isa = PBXFileReference; explicitFileType = wrapper.cfbundle; includeInIndex = 0; path = InOffAppTests.xctest; sourceTree = BUILT_PRODUCTS_DIR; };
		4CDECB711AD583040094E61B /* Info.plist */ = {isa = PBXFileReference; lastKnownFileType = text.plist.xml; path = Info.plist; sourceTree = "<group>"; };
		4CDECB721AD583040094E61B /* InOffAppTests.m */ = {isa = PBXFileReference; lastKnownFileType = sourcecode.c.objc; path = InOffAppTests.m; sourceTree = "<group>"; };
		4CDECB821AD58B4C0094E61B /* logo1.png */ = {isa = PBXFileReference; lastKnownFileType = image.png; path = logo1.png; sourceTree = "<group>"; };
		4CDECB831AD58B4C0094E61B /* paisaje1.jpg */ = {isa = PBXFileReference; lastKnownFileType = image.jpeg; path = paisaje1.jpg; sourceTree = "<group>"; };
		4CDECB841AD58B4C0094E61B /* paisaje2.jpg */ = {isa = PBXFileReference; lastKnownFileType = image.jpeg; path = paisaje2.jpg; sourceTree = "<group>"; };
		4CDECB851AD58B4C0094E61B /* paisaje3.jpg */ = {isa = PBXFileReference; lastKnownFileType = image.jpeg; path = paisaje3.jpg; sourceTree = "<group>"; };
		4CDECB8A1AD58E0F0094E61B /* pic_1.jpg */ = {isa = PBXFileReference; lastKnownFileType = image.jpeg; path = pic_1.jpg; sourceTree = "<group>"; };
		4CDECB8B1AD58E0F0094E61B /* pic_2.jpg */ = {isa = PBXFileReference; lastKnownFileType = image.jpeg; path = pic_2.jpg; sourceTree = "<group>"; };
		4CDECB8C1AD58E0F0094E61B /* pic_3.jpg */ = {isa = PBXFileReference; lastKnownFileType = image.jpeg; path = pic_3.jpg; sourceTree = "<group>"; };
		4CDECB8D1AD58E0F0094E61B /* pic_4.jpg */ = {isa = PBXFileReference; lastKnownFileType = image.jpeg; path = pic_4.jpg; sourceTree = "<group>"; };
		4CDECB8E1AD58E0F0094E61B /* pic_5.jpg */ = {isa = PBXFileReference; lastKnownFileType = image.jpeg; path = pic_5.jpg; sourceTree = "<group>"; };
		4CDECB8F1AD58E0F0094E61B /* pic_6.jpg */ = {isa = PBXFileReference; lastKnownFileType = image.jpeg; path = pic_6.jpg; sourceTree = "<group>"; };
		4CDECB901AD58E0F0094E61B /* pic_7.jpg */ = {isa = PBXFileReference; lastKnownFileType = image.jpeg; path = pic_7.jpg; sourceTree = "<group>"; };
		AACC47D91D30F35F00FA4F4E /* IRDataLoader.h */ = {isa = PBXFileReference; lastKnownFileType = sourcecode.c.h; path = IRDataLoader.h; sourceTree = "<group>"; };
		AACC47DC1D30F3DA00FA4F4E /* IRDataLoader.m */ = {isa = PBXFileReference; fileEncoding = 4; lastKnownFileType = sourcecode.c.objc; path = IRDataLoader.m; sourceTree = "<group>"; };
		AACC47E01D30F50100FA4F4E /* IRWorks.h */ = {isa = PBXFileReference; lastKnownFileType = sourcecode.c.h; path = IRWorks.h; sourceTree = "<group>"; };
		AACC47E11D30F5B400FA4F4E /* IRWorks.m */ = {isa = PBXFileReference; fileEncoding = 4; lastKnownFileType = sourcecode.c.objc; path = IRWorks.m; sourceTree = "<group>"; };
		AACC47EA1D32506B00FA4F4E /* WorksListTableViewController.h */ = {isa = PBXFileReference; fileEncoding = 4; lastKnownFileType = sourcecode.c.h; path = WorksListTableViewController.h; sourceTree = "<group>"; };
		AACC47EB1D32506B00FA4F4E /* WorksListTableViewController.m */ = {isa = PBXFileReference; fileEncoding = 4; lastKnownFileType = sourcecode.c.objc; path = WorksListTableViewController.m; sourceTree = "<group>"; };
/* End PBXFileReference section */

/* Begin PBXFrameworksBuildPhase section */
		4CDECB501AD583040094E61B /* Frameworks */ = {
			isa = PBXFrameworksBuildPhase;
			buildActionMask = 2147483647;
			files = (
			);
			runOnlyForDeploymentPostprocessing = 0;
		};
		4CDECB691AD583040094E61B /* Frameworks */ = {
			isa = PBXFrameworksBuildPhase;
			buildActionMask = 2147483647;
			files = (
			);
			runOnlyForDeploymentPostprocessing = 0;
		};
/* End PBXFrameworksBuildPhase section */

/* Begin PBXGroup section */
		4CDECB4A1AD583040094E61B = {
			isa = PBXGroup;
			children = (
				4CDECB551AD583040094E61B /* InOffApp */,
				4CDECB6F1AD583040094E61B /* InOffAppTests */,
				4CDECB541AD583040094E61B /* Products */,
			);
			sourceTree = "<group>";
		};
		4CDECB541AD583040094E61B /* Products */ = {
			isa = PBXGroup;
			children = (
				4CDECB531AD583040094E61B /* InOffApp.app */,
				4CDECB6C1AD583040094E61B /* InOffAppTests.xctest */,
			);
			name = Products;
			sourceTree = "<group>";
		};
		4CDECB551AD583040094E61B /* InOffApp */ = {
			isa = PBXGroup;
			children = (
				AACC47E31D32420100FA4F4E /* ViewControllers */,
				AACC47DE1D30F44000FA4F4E /* Entities */,
				AACC47D81D30F2E200FA4F4E /* Services */,
				4CDECB811AD58B0E0094E61B /* Images */,
				4CDECB5A1AD583040094E61B /* AppDelegate.h */,
				4CDECB5B1AD583040094E61B /* AppDelegate.m */,
				4CDECB5D1AD583040094E61B /* ViewController.h */,
				4CDECB5E1AD583040094E61B /* ViewController.m */,
				4CDECB601AD583040094E61B /* Main.storyboard */,
				4CDECB631AD583040094E61B /* Images.xcassets */,
				4CDECB651AD583040094E61B /* LaunchScreen.xib */,
				4CDECB561AD583040094E61B /* Supporting Files */,
			);
			path = InOffApp;
			sourceTree = "<group>";
		};
		4CDECB561AD583040094E61B /* Supporting Files */ = {
			isa = PBXGroup;
			children = (
				4CDECB571AD583040094E61B /* Info.plist */,
				4CDECB581AD583040094E61B /* main.m */,
			);
			name = "Supporting Files";
			sourceTree = "<group>";
		};
		4CDECB6F1AD583040094E61B /* InOffAppTests */ = {
			isa = PBXGroup;
			children = (
				4CDECB721AD583040094E61B /* InOffAppTests.m */,
				4CDECB701AD583040094E61B /* Supporting Files */,
			);
			path = InOffAppTests;
			sourceTree = "<group>";
		};
		4CDECB701AD583040094E61B /* Supporting Files */ = {
			isa = PBXGroup;
			children = (
				4CDECB711AD583040094E61B /* Info.plist */,
			);
			name = "Supporting Files";
			sourceTree = "<group>";
		};
		4CDECB811AD58B0E0094E61B /* Images */ = {
			isa = PBXGroup;
			children = (
				4CDECB8A1AD58E0F0094E61B /* pic_1.jpg */,
				4CDECB8B1AD58E0F0094E61B /* pic_2.jpg */,
				4CDECB8C1AD58E0F0094E61B /* pic_3.jpg */,
				4CDECB8D1AD58E0F0094E61B /* pic_4.jpg */,
				4CDECB8E1AD58E0F0094E61B /* pic_5.jpg */,
				4CDECB8F1AD58E0F0094E61B /* pic_6.jpg */,
				4CDECB901AD58E0F0094E61B /* pic_7.jpg */,
				4CDECB821AD58B4C0094E61B /* logo1.png */,
				4CDECB831AD58B4C0094E61B /* paisaje1.jpg */,
				4CDECB841AD58B4C0094E61B /* paisaje2.jpg */,
				4CDECB851AD58B4C0094E61B /* paisaje3.jpg */,
			);
			name = Images;
			sourceTree = "<group>";
		};
		AACC47D81D30F2E200FA4F4E /* Services */ = {
			isa = PBXGroup;
			children = (
				AACC47D91D30F35F00FA4F4E /* IRDataLoader.h */,
				AACC47DC1D30F3DA00FA4F4E /* IRDataLoader.m */,
			);
			name = Services;
			sourceTree = "<group>";
		};
		AACC47DE1D30F44000FA4F4E /* Entities */ = {
			isa = PBXGroup;
			children = (
				AACC47E01D30F50100FA4F4E /* IRWorks.h */,
				AACC47E11D30F5B400FA4F4E /* IRWorks.m */,
			);
			name = Entities;
			sourceTree = "<group>";
		};
		AACC47E31D32420100FA4F4E /* ViewControllers */ = {
			isa = PBXGroup;
			children = (
				AACC47EA1D32506B00FA4F4E /* WorksListTableViewController.h */,
				AACC47EB1D32506B00FA4F4E /* WorksListTableViewController.m */,
			);
			name = ViewControllers;
			sourceTree = "<group>";
		};
/* End PBXGroup section */

/* Begin PBXNativeTarget section */
		4CDECB521AD583040094E61B /* InOffApp */ = {
			isa = PBXNativeTarget;
			buildConfigurationList = 4CDECB761AD583040094E61B /* Build configuration list for PBXNativeTarget "InOffApp" */;
			buildPhases = (
				4CDECB4F1AD583040094E61B /* Sources */,
				4CDECB501AD583040094E61B /* Frameworks */,
				4CDECB511AD583040094E61B /* Resources */,
			);
			buildRules = (
			);
			dependencies = (
			);
			name = InOffApp;
			productName = InOffApp;
			productReference = 4CDECB531AD583040094E61B /* InOffApp.app */;
			productType = "com.apple.product-type.application";
		};
		4CDECB6B1AD583040094E61B /* InOffAppTests */ = {
			isa = PBXNativeTarget;
			buildConfigurationList = 4CDECB791AD583040094E61B /* Build configuration list for PBXNativeTarget "InOffAppTests" */;
			buildPhases = (
				4CDECB681AD583040094E61B /* Sources */,
				4CDECB691AD583040094E61B /* Frameworks */,
				4CDECB6A1AD583040094E61B /* Resources */,
			);
			buildRules = (
			);
			dependencies = (
				4CDECB6E1AD583040094E61B /* PBXTargetDependency */,
			);
			name = InOffAppTests;
			productName = InOffAppTests;
			productReference = 4CDECB6C1AD583040094E61B /* InOffAppTests.xctest */;
			productType = "com.apple.product-type.bundle.unit-test";
		};
/* End PBXNativeTarget section */

/* Begin PBXProject section */
		4CDECB4B1AD583040094E61B /* Project object */ = {
			isa = PBXProject;
			attributes = {
				LastUpgradeCheck = 0610;
				ORGANIZATIONNAME = ChristianPJ;
				TargetAttributes = {
					4CDECB521AD583040094E61B = {
						CreatedOnToolsVersion = 6.1.1;
					};
					4CDECB6B1AD583040094E61B = {
						CreatedOnToolsVersion = 6.1.1;
						TestTargetID = 4CDECB521AD583040094E61B;
					};
				};
			};
			buildConfigurationList = 4CDECB4E1AD583040094E61B /* Build configuration list for PBXProject "InOffApp" */;
			compatibilityVersion = "Xcode 3.2";
			developmentRegion = English;
			hasScannedForEncodings = 0;
			knownRegions = (
				en,
				Base,
			);
			mainGroup = 4CDECB4A1AD583040094E61B;
			productRefGroup = 4CDECB541AD583040094E61B /* Products */;
			projectDirPath = "";
			projectRoot = "";
			targets = (
				4CDECB521AD583040094E61B /* InOffApp */,
				4CDECB6B1AD583040094E61B /* InOffAppTests */,
			);
		};
/* End PBXProject section */

/* Begin PBXResourcesBuildPhase section */
		4CDECB511AD583040094E61B /* Resources */ = {
			isa = PBXResourcesBuildPhase;
			buildActionMask = 2147483647;
			files = (
				4CDECB971AD58E0F0094E61B /* pic_7.jpg in Resources */,
				4CDECB621AD583040094E61B /* Main.storyboard in Resources */,
				4CDECB671AD583040094E61B /* LaunchScreen.xib in Resources */,
				4CDECB941AD58E0F0094E61B /* pic_4.jpg in Resources */,
				4CDECB931AD58E0F0094E61B /* pic_3.jpg in Resources */,
				4CDECB881AD58B4C0094E61B /* paisaje2.jpg in Resources */,
				4CDECB861AD58B4C0094E61B /* logo1.png in Resources */,
				4CDECB911AD58E0F0094E61B /* pic_1.jpg in Resources */,
				4CDECB921AD58E0F0094E61B /* pic_2.jpg in Resources */,
				4CDECB951AD58E0F0094E61B /* pic_5.jpg in Resources */,
				4CDECB641AD583040094E61B /* Images.xcassets in Resources */,
				4CDECB891AD58B4C0094E61B /* paisaje3.jpg in Resources */,
				4CDECB871AD58B4C0094E61B /* paisaje1.jpg in Resources */,
				4CDECB961AD58E0F0094E61B /* pic_6.jpg in Resources */,
			);
			runOnlyForDeploymentPostprocessing = 0;
		};
		4CDECB6A1AD583040094E61B /* Resources */ = {
			isa = PBXResourcesBuildPhase;
			buildActionMask = 2147483647;
			files = (
			);
			runOnlyForDeploymentPostprocessing = 0;
		};
/* End PBXResourcesBuildPhase section */

/* Begin PBXSourcesBuildPhase section */
		4CDECB4F1AD583040094E61B /* Sources */ = {
			isa = PBXSourcesBuildPhase;
			buildActionMask = 2147483647;
			files = (
				AACC47E21D30F5B400FA4F4E /* IRWorks.m in Sources */,
				4CDECB5F1AD583040094E61B /* ViewController.m in Sources */,
				AACC47EC1D32506B00FA4F4E /* WorksListTableViewController.m in Sources */,
				AACC47DD1D30F3DA00FA4F4E /* IRDataLoader.m in Sources */,
				4CDECB5C1AD583040094E61B /* AppDelegate.m in Sources */,
				4CDECB591AD583040094E61B /* main.m in Sources */,
			);
			runOnlyForDeploymentPostprocessing = 0;
		};
		4CDECB681AD583040094E61B /* Sources */ = {
			isa = PBXSourcesBuildPhase;
			buildActionMask = 2147483647;
			files = (
				4CDECB731AD583040094E61B /* InOffAppTests.m in Sources */,
			);
			runOnlyForDeploymentPostprocessing = 0;
		};
/* End PBXSourcesBuildPhase section */

/* Begin PBXTargetDependency section */
		4CDECB6E1AD583040094E61B /* PBXTargetDependency */ = {
			isa = PBXTargetDependency;
			target = 4CDECB521AD583040094E61B /* InOffApp */;
			targetProxy = 4CDECB6D1AD583040094E61B /* PBXContainerItemProxy */;
		};
/* End PBXTargetDependency section */

/* Begin PBXVariantGroup section */
		4CDECB601AD583040094E61B /* Main.storyboard */ = {
			isa = PBXVariantGroup;
			children = (
				4CDECB611AD583040094E61B /* Base */,
			);
			name = Main.storyboard;
			sourceTree = "<group>";
		};
		4CDECB651AD583040094E61B /* LaunchScreen.xib */ = {
			isa = PBXVariantGroup;
			children = (
				4CDECB661AD583040094E61B /* Base */,
			);
			name = LaunchScreen.xib;
			sourceTree = "<group>";
		};
/* End PBXVariantGroup section */

/* Begin XCBuildConfiguration section */
		4CDECB741AD583040094E61B /* Debug */ = {
			isa = XCBuildConfiguration;
			buildSettings = {
				ALWAYS_SEARCH_USER_PATHS = NO;
				CLANG_CXX_LANGUAGE_STANDARD = "gnu++0x";
				CLANG_CXX_LIBRARY = "libc++";
				CLANG_ENABLE_MODULES = YES;
				CLANG_ENABLE_OBJC_ARC = YES;
				CLANG_WARN_BOOL_CONVERSION = YES;
				CLANG_WARN_CONSTANT_CONVERSION = YES;
				CLANG_WARN_DIRECT_OBJC_ISA_USAGE = YES_ERROR;
				CLANG_WARN_EMPTY_BODY = YES;
				CLANG_WARN_ENUM_CONVERSION = YES;
				CLANG_WARN_INT_CONVERSION = YES;
				CLANG_WARN_OBJC_ROOT_CLASS = YES_ERROR;
				CLANG_WARN_UNREACHABLE_CODE = YES;
				CLANG_WARN__DUPLICATE_METHOD_MATCH = YES;
				"CODE_SIGN_IDENTITY[sdk=iphoneos*]" = "iPhone Developer";
				COPY_PHASE_STRIP = NO;
				ENABLE_STRICT_OBJC_MSGSEND = YES;
				GCC_C_LANGUAGE_STANDARD = gnu99;
				GCC_DYNAMIC_NO_PIC = NO;
				GCC_OPTIMIZATION_LEVEL = 0;
				GCC_PREPROCESSOR_DEFINITIONS = (
					"DEBUG=1",
					"$(inherited)",
				);
				GCC_SYMBOLS_PRIVATE_EXTERN = NO;
				GCC_WARN_64_TO_32_BIT_CONVERSION = YES;
				GCC_WARN_ABOUT_RETURN_TYPE = YES_ERROR;
				GCC_WARN_UNDECLARED_SELECTOR = YES;
				GCC_WARN_UNINITIALIZED_AUTOS = YES_AGGRESSIVE;
				GCC_WARN_UNUSED_FUNCTION = YES;
				GCC_WARN_UNUSED_VARIABLE = YES;
				IPHONEOS_DEPLOYMENT_TARGET = 8.1;
				MTL_ENABLE_DEBUG_INFO = YES;
				ONLY_ACTIVE_ARCH = YES;
				SDKROOT = iphoneos;
				TARGETED_DEVICE_FAMILY = "1,2";
			};
			name = Debug;
		};
		4CDECB751AD583040094E61B /* Release */ = {
			isa = XCBuildConfiguration;
			buildSettings = {
				ALWAYS_SEARCH_USER_PATHS = NO;
				CLANG_CXX_LANGUAGE_STANDARD = "gnu++0x";
				CLANG_CXX_LIBRARY = "libc++";
				CLANG_ENABLE_MODULES = YES;
				CLANG_ENABLE_OBJC_ARC = YES;
				CLANG_WARN_BOOL_CONVERSION = YES;
				CLANG_WARN_CONSTANT_CONVERSION = YES;
				CLANG_WARN_DIRECT_OBJC_ISA_USAGE = YES_ERROR;
				CLANG_WARN_EMPTY_BODY = YES;
				CLANG_WARN_ENUM_CONVERSION = YES;
				CLANG_WARN_INT_CONVERSION = YES;
				CLANG_WARN_OBJC_ROOT_CLASS = YES_ERROR;
				CLANG_WARN_UNREACHABLE_CODE = YES;
				CLANG_WARN__DUPLICATE_METHOD_MATCH = YES;
				"CODE_SIGN_IDENTITY[sdk=iphoneos*]" = "iPhone Developer";
				COPY_PHASE_STRIP = YES;
				ENABLE_NS_ASSERTIONS = NO;
				ENABLE_STRICT_OBJC_MSGSEND = YES;
				GCC_C_LANGUAGE_STANDARD = gnu99;
				GCC_WARN_64_TO_32_BIT_CONVERSION = YES;
				GCC_WARN_ABOUT_RETURN_TYPE = YES_ERROR;
				GCC_WARN_UNDECLARED_SELECTOR = YES;
				GCC_WARN_UNINITIALIZED_AUTOS = YES_AGGRESSIVE;
				GCC_WARN_UNUSED_FUNCTION = YES;
				GCC_WARN_UNUSED_VARIABLE = YES;
				IPHONEOS_DEPLOYMENT_TARGET = 8.1;
				MTL_ENABLE_DEBUG_INFO = NO;
				SDKROOT = iphoneos;
				TARGETED_DEVICE_FAMILY = "1,2";
				VALIDATE_PRODUCT = YES;
			};
			name = Release;
		};
		4CDECB771AD583040094E61B /* Debug */ = {
			isa = XCBuildConfiguration;
			buildSettings = {
				ASSETCATALOG_COMPILER_APPICON_NAME = AppIcon;
				INFOPLIST_FILE = InOffApp/Info.plist;
				IPHONEOS_DEPLOYMENT_TARGET = 7.1;
				LD_RUNPATH_SEARCH_PATHS = "$(inherited) @executable_path/Frameworks";
				PRODUCT_NAME = "$(TARGET_NAME)";
				TARGETED_DEVICE_FAMILY = 1;
			};
			name = Debug;
		};
		4CDECB781AD583040094E61B /* Release */ = {
			isa = XCBuildConfiguration;
			buildSettings = {
				ASSETCATALOG_COMPILER_APPICON_NAME = AppIcon;
				INFOPLIST_FILE = InOffApp/Info.plist;
				IPHONEOS_DEPLOYMENT_TARGET = 7.1;
				LD_RUNPATH_SEARCH_PATHS = "$(inherited) @executable_path/Frameworks";
				PRODUCT_NAME = "$(TARGET_NAME)";
				TARGETED_DEVICE_FAMILY = 1;
			};
			name = Release;
		};
		4CDECB7A1AD583040094E61B /* Debug */ = {
			isa = XCBuildConfiguration;
			buildSettings = {
				BUNDLE_LOADER = "$(TEST_HOST)";
				FRAMEWORK_SEARCH_PATHS = (
					"$(SDKROOT)/Developer/Library/Frameworks",
					"$(inherited)",
				);
				GCC_PREPROCESSOR_DEFINITIONS = (
					"DEBUG=1",
					"$(inherited)",
				);
				INFOPLIST_FILE = InOffAppTests/Info.plist;
				IPHONEOS_DEPLOYMENT_TARGET = 6.0;
				LD_RUNPATH_SEARCH_PATHS = "$(inherited) @executable_path/Frameworks @loader_path/Frameworks";
				PRODUCT_NAME = "$(TARGET_NAME)";
				TEST_HOST = "$(BUILT_PRODUCTS_DIR)/InOffApp.app/InOffApp";
			};
			name = Debug;
		};
		4CDECB7B1AD583040094E61B /* Release */ = {
			isa = XCBuildConfiguration;
			buildSettings = {
				BUNDLE_LOADER = "$(TEST_HOST)";
				FRAMEWORK_SEARCH_PATHS = (
					"$(SDKROOT)/Developer/Library/Frameworks",
					"$(inherited)",
				);
				INFOPLIST_FILE = InOffAppTests/Info.plist;
				IPHONEOS_DEPLOYMENT_TARGET = 6.0;
				LD_RUNPATH_SEARCH_PATHS = "$(inherited) @executable_path/Frameworks @loader_path/Frameworks";
				PRODUCT_NAME = "$(TARGET_NAME)";
				TEST_HOST = "$(BUILT_PRODUCTS_DIR)/InOffApp.app/InOffApp";
			};
			name = Release;
		};
/* End XCBuildConfiguration section */

/* Begin XCConfigurationList section */
		4CDECB4E1AD583040094E61B /* Build configuration list for PBXProject "InOffApp" */ = {
			isa = XCConfigurationList;
			buildConfigurations = (
				4CDECB741AD583040094E61B /* Debug */,
				4CDECB751AD583040094E61B /* Release */,
			);
			defaultConfigurationIsVisible = 0;
			defaultConfigurationName = Release;
		};
		4CDECB761AD583040094E61B /* Build configuration list for PBXNativeTarget "InOffApp" */ = {
			isa = XCConfigurationList;
			buildConfigurations = (
				4CDECB771AD583040094E61B /* Debug */,
				4CDECB781AD583040094E61B /* Release */,
			);
			defaultConfigurationIsVisible = 0;
			defaultConfigurationName = Release;
		};
		4CDECB791AD583040094E61B /* Build configuration list for PBXNativeTarget "InOffAppTests" */ = {
			isa = XCConfigurationList;
			buildConfigurations = (
				4CDECB7A1AD583040094E61B /* Debug */,
				4CDECB7B1AD583040094E61B /* Release */,
			);
			defaultConfigurationIsVisible = 0;
			defaultConfigurationName = Release;
		};
/* End XCConfigurationList section */
	};
	rootObject = 4CDECB4B1AD583040094E61B /* Project object */;
}
